
Microsoft Visual Studio Solution File, Format Version 12.00
# Visual Studio Version 17
VisualStudioVersion = 17.7.34031.279
MinimumVisualStudioVersion = 10.0.40219.1
Project("{FAE04EC0-301F-11D3-BF4B-00C04F79EFBC}") = "progetto stettimanale mvc", "progetto stettimanale mvc\progetto stettimanale mvc.csproj", "{AAF1740E-29AD-48EC-BCD1-2A393BC85EA7}"
EndProject
Global
	GlobalSection(SolutionConfigurationPlatforms) = preSolution
		Debug|Any CPU = Debug|Any CPU
		Release|Any CPU = Release|Any CPU
	EndGlobalSection
	GlobalSection(ProjectConfigurationPlatforms) = postSolution
		{AAF1740E-29AD-48EC-BCD1-2A393BC85EA7}.Debug|Any CPU.ActiveCfg = Debug|Any CPU
		{AAF1740E-29AD-48EC-BCD1-2A393BC85EA7}.Debug|Any CPU.Build.0 = Debug|Any CPU
		{AAF1740E-29AD-48EC-BCD1-2A393BC85EA7}.Release|Any CPU.ActiveCfg = Release|Any CPU
		{AAF1740E-29AD-48EC-BCD1-2A393BC85EA7}.Release|Any CPU.Build.0 = Release|Any CPU
	EndGlobalSection
	GlobalSection(SolutionProperties) = preSolution
		HideSolutionNode = FALSE
	EndGlobalSection
	GlobalSection(ExtensibilityGlobals) = postSolution
		SolutionGuid = {E1FC1B20-84DD-4480-BA9F-BD8CD5E255DC}
	EndGlobalSection
EndGlobal
